PODS:
  - BarcodeScanner (4.1.3)
  - Eureka (5.0.0)
  - FlexLayout (1.3.15)
  - MJRefresh (3.2.0)
  - R.swift (5.0.3):
    - R.swift.Library (~> 5.0.0)
  - R.swift.Library (5.0.1)
  - Reusable (4.1.0):
    - Reusable/Storyboard (= 4.1.0)
    - Reusable/View (= 4.1.0)
  - Reusable/Storyboard (4.1.0)
  - Reusable/View (4.1.0)
  - Reveal-SDK (23)
  - RxCocoa (5.0.0):
    - RxRelay (~> 5)
    - RxSwift (~> 5)
  - RxRelay (5.0.0):
    - RxSwift (~> 5)
  - RxSwift (5.0.0)
  - SnapKit (5.0.0)
  - SQLiteRepairKit (1.2.2):
    - WCDBOptimizedSQLCipher (~> 1.2.0)
  - SVProgressHUD (2.2.5)
  - SwifterSwift (5.0.0):
    - SwifterSwift/AppKit (= 5.0.0)
    - SwifterSwift/CoreGraphics (= 5.0.0)
    - SwifterSwift/CoreLocation (= 5.0.0)
    - SwifterSwift/Dispatch (= 5.0.0)
    - SwifterSwift/Foundation (= 5.0.0)
    - SwifterSwift/MapKit (= 5.0.0)
    - SwifterSwift/SpriteKit (= 5.0.0)
    - SwifterSwift/SwiftStdlib (= 5.0.0)
    - SwifterSwift/UIKit (= 5.0.0)
  - SwifterSwift/AppKit (5.0.0)
  - SwifterSwift/CoreGraphics (5.0.0)
  - SwifterSwift/CoreLocation (5.0.0)
  - SwifterSwift/Dispatch (5.0.0)
  - SwifterSwift/Foundation (5.0.0)
  - SwifterSwift/MapKit (5.0.0)
  - SwifterSwift/SpriteKit (5.0.0)
  - SwifterSwift/SwiftStdlib (5.0.0)
  - SwifterSwift/UIKit (5.0.0)
  - SwiftIcons (2.3.2)
  - SwiftyUserDefaults (4.0.0)
  - Then (2.5.0)
  - WCDB.swift (1.0.8.2):
    - SQLiteRepairKit (~> 1.2.0)
    - WCDBOptimizedSQLCipher (~> 1.2.0)
  - WCDBOptimizedSQLCipher (1.2.1)
  - WoodPeckeriOS (1.2.2)

DEPENDENCIES:
  - BarcodeScanner
  - Eureka
  - FlexLayout
  - MJRefresh
  - R.swift
  - Reusable
  - Reveal-SDK
  - RxCocoa
  - RxSwift
  - SnapKit
  - SVProgressHUD
  - SwifterSwift
  - SwiftIcons
  - SwiftyUserDefaults
  - Then
  - WCDB.swift
  - WoodPeckeriOS

SPEC REPOS:
  trunk:
    - BarcodeScanner
    - Eureka
    - FlexLayout
    - MJRefresh
    - R.swift
    - R.swift.Library
    - Reusable
    - Reveal-SDK
    - RxCocoa
    - RxRelay
    - RxSwift
    - SnapKit
    - SQLiteRepairKit
    - SVProgressHUD
    - SwifterSwift
    - SwiftIcons
    - SwiftyUserDefaults
    - Then
    - WCDB.swift
    - WCDBOptimizedSQLCipher
    - WoodPeckeriOS

SPEC CHECKSUMS:
  BarcodeScanner: fce1ad2b3f28286b1ab5091fe0979789618bee27
  Eureka: 0f64f477ec8ef6201c6fec143d60ff5c201cf654
  FlexLayout: 2469234f9703cadcdc6c7ca7b80dc87f3677c45c
  MJRefresh: ed450d6eb9d3346a2cb033ab7eb6de090aeef437
  R.swift: f5a87643b91ea569d23d6afb3eee9c743edde239
  R.swift.Library: cfe85d569d9bae6cb262922db130e7c3a7a5fad1
  Reusable: 82be188f29d96dc5eff0db7b2393bcc08d2cdd5b
  Reveal-SDK: bb223749b198a2b9bad6043ec6ad748f99e7abe5
  RxCocoa: fcf32050ac00d801f34a7f71d5e8e7f23026dcd8
  RxRelay: 4f7409406a51a55cd88483f21ed898c234d60f18
  RxSwift: 8b0671caa829a763bbce7271095859121cbd895f
  SnapKit: fd22d10eb9aff484d79a8724eab922c1ddf89bcf
  SQLiteRepairKit: 35aaae5a8838adb85f5b1eb4d796055be6060a4b
  SVProgressHUD: 1428aafac632c1f86f62aa4243ec12008d7a51d6
  SwifterSwift: 96f90594b370802f01647c2b1229c74a84ffafee
  SwiftIcons: e652cfd2676441c462ad57b6e92977faf577e590
  SwiftyUserDefaults: 6a1951df1daa19337862b677dd9a4b9bd4c288cd
  Then: 0157115e883545c77967b452fe74a1d25fb796e1
  WCDB.swift: 05d509d7a0e60fb6e11c34eb7e4027c0fab5849f
  WCDBOptimizedSQLCipher: baf44493b0c7a3d49e97bc5b64a3856f6428ddd1
  WoodPeckeriOS: 3802768524692cf3ff7c3a1973b4add455597861

PODFILE CHECKSUM: 91f98d81ef967a943b7360ed5cc695eddd1175a1

COCOAPODS: 1.10.0
